
Microsoft Visual Studio Solution File, Format Version 12.00
# Visual Studio Version 16
VisualStudioVersion = 16.0.31624.102
MinimumVisualStudioVersion = 10.0.40219.1
Project("{9A19103F-16F7-4668-BE54-9A1E7A4F7556}") = "FtpFileController", "FtpFileController\FtpFileController.csproj", "{38328D50-A6FF-4206-A34E-4E2B83AD278F}"
EndProject
Global
	GlobalSection(SolutionConfigurationPlatforms) = preSolution
		Debug|Any CPU = Debug|Any CPU
		Release|Any CPU = Release|Any CPU
	EndGlobalSection
	GlobalSection(ProjectConfigurationPlatforms) = postSolution
		{38328D50-A6FF-4206-A34E-4E2B83AD278F}.Debug|Any CPU.ActiveCfg = Debug|Any CPU
		{38328D50-A6FF-4206-A34E-4E2B83AD278F}.Debug|Any CPU.Build.0 = Debug|Any CPU
		{38328D50-A6FF-4206-A34E-4E2B83AD278F}.Release|Any CPU.ActiveCfg = Release|Any CPU
		{38328D50-A6FF-4206-A34E-4E2B83AD278F}.Release|Any CPU.Build.0 = Release|Any CPU
	EndGlobalSection
	GlobalSection(SolutionProperties) = preSolution
		HideSolutionNode = FALSE
	EndGlobalSection
	GlobalSection(ExtensibilityGlobals) = postSolution
		SolutionGuid = {493D1FC1-C5D0-4B34-88BA-73F9ABAE68C2}
	EndGlobalSection
EndGlobal
